
Microsoft Visual Studio Solution File, Format Version 12.00
# Visual Studio Version 16
VisualStudioVersion = 16.0.30225.117
MinimumVisualStudioVersion = 10.0.40219.1
Project("{FAE04EC0-301F-11D3-BF4B-00C04F79EFBC}") = "GrantsDiner", "GrantsDiner\GrantsDiner.csproj", "{1A0B4A99-AF08-472C-8226-824617075D05}"
EndProject
Global
	GlobalSection(SolutionConfigurationPlatforms) = preSolution
		Debug|Any CPU = Debug|Any CPU
		Release|Any CPU = Release|Any CPU
	EndGlobalSection
	GlobalSection(ProjectConfigurationPlatforms) = postSolution
		{1A0B4A99-AF08-472C-8226-824617075D05}.Debug|Any CPU.ActiveCfg = Debug|Any CPU
		{1A0B4A99-AF08-472C-8226-824617075D05}.Debug|Any CPU.Build.0 = Debug|Any CPU
		{1A0B4A99-AF08-472C-8226-824617075D05}.Release|Any CPU.ActiveCfg = Release|Any CPU
		{1A0B4A99-AF08-472C-8226-824617075D05}.Release|Any CPU.Build.0 = Release|Any CPU
	EndGlobalSection
	GlobalSection(SolutionProperties) = preSolution
		HideSolutionNode = FALSE
	EndGlobalSection
	GlobalSection(ExtensibilityGlobals) = postSolution
		SolutionGuid = {3EEF1E43-B258-4CF2-96F4-9298F90B53C5}
	EndGlobalSection
EndGlobal
